// !$*UTF8*$!
{
	archiveVersion = 1;
	classes = {
	};
	objectVersion = 77;
	objects = {

/* Begin PBXBuildFile section */
		B05AE5602E2DA36C00624197 /* PointiOS Watch App.app in Embed Watch Content */ = {isa = PBXBuildFile; fileRef = B05AE55F2E2DA36C00624197 /* PointiOS Watch App.app */; settings = {ATTRIBUTES = (RemoveHeadersOnCopy, ); }; };
		B0902C2D2EB6AA9B00482D6D /* GoogleSignIn in Frameworks */ = {isa = PBXBuildFile; productRef = B0902C2C2EB6AA9B00482D6D /* GoogleSignIn */; };
		B0902C2F2EB6AA9B00482D6D /* GoogleSignInSwift in Frameworks */ = {isa = PBXBuildFile; productRef = B0902C2E2EB6AA9B00482D6D /* GoogleSignInSwift */; };
		B0C2D0002F5B7E2C00F0ABCD /* LucideIcons in Frameworks */ = {isa = PBXBuildFile; productRef = B0C2D0012F5B7E2C00F0ABCD /* LucideIcons */; };
		B0E5C04A2E34366B0079684D /* FirebaseAuth in Frameworks */ = {isa = PBXBuildFile; productRef = B0E5C0492E34366B0079684D /* FirebaseAuth */; };
		B0E5C04E2E34366B0079684D /* FirebaseFirestore in Frameworks */ = {isa = PBXBuildFile; productRef = B0E5C04D2E34366B0079684D /* FirebaseFirestore */; };
		B0E5C0502E34366B0079684D /* FirebaseStorage in Frameworks */ = {isa = PBXBuildFile; productRef = B0E5C04F2E34366B0079684D /* FirebaseStorage */; };
/* End PBXBuildFile section */

/* Begin PBXContainerItemProxy section */
		B05AE54A2E2DA36C00624197 /* PBXContainerItemProxy */ = {
			isa = PBXContainerItemProxy;
			containerPortal = B05AE5342E2DA36B00624197 /* Project object */;
			proxyType = 1;
			remoteGlobalIDString = B05AE53B2E2DA36B00624197;
			remoteInfo = PointiOS;
		};
		B05AE5542E2DA36C00624197 /* PBXContainerItemProxy */ = {
			isa = PBXContainerItemProxy;
			containerPortal = B05AE5342E2DA36B00624197 /* Project object */;
			proxyType = 1;
			remoteGlobalIDString = B05AE53B2E2DA36B00624197;
			remoteInfo = PointiOS;
		};
		B05AE5612E2DA36C00624197 /* PBXContainerItemProxy */ = {
			isa = PBXContainerItemProxy;
			containerPortal = B05AE5342E2DA36B00624197 /* Project object */;
			proxyType = 1;
			remoteGlobalIDString = B05AE55E2E2DA36C00624197;
			remoteInfo = "PointiOS Watch App";
		};
		B05AE56F2E2DA36D00624197 /* PBXContainerItemProxy */ = {
			isa = PBXContainerItemProxy;
			containerPortal = B05AE5342E2DA36B00624197 /* Project object */;
			proxyType = 1;
			remoteGlobalIDString = B05AE55E2E2DA36C00624197;
			remoteInfo = "PointiOS Watch App";
		};
		B05AE5792E2DA36D00624197 /* PBXContainerItemProxy */ = {
			isa = PBXContainerItemProxy;
			containerPortal = B05AE5342E2DA36B00624197 /* Project object */;
			proxyType = 1;
			remoteGlobalIDString = B05AE55E2E2DA36C00624197;
			remoteInfo = "PointiOS Watch App";
		};
/* End PBXContainerItemProxy section */

/* Begin PBXCopyFilesBuildPhase section */
		B05AE5852E2DA36D00624197 /* Embed Watch Content */ = {
			isa = PBXCopyFilesBuildPhase;
			buildActionMask = 2147483647;
			dstPath = "$(CONTENTS_FOLDER_PATH)/Watch";
			dstSubfolderSpec = 16;
			files = (
				B05AE5602E2DA36C00624197 /* PointiOS Watch App.app in Embed Watch Content */,
			);
			name = "Embed Watch Content";
			runOnlyForDeploymentPostprocessing = 0;
		};
/* End PBXCopyFilesBuildPhase section */

/* Begin PBXFileReference section */
		B05AE53C2E2DA36B00624197 /* PointiOS.app */ = {isa = PBXFileReference; explicitFileType = wrapper.application; includeInIndex = 0; path = PointiOS.app; sourceTree = BUILT_PRODUCTS_DIR; };
		B05AE5492E2DA36C00624197 /* PointiOSTests.xctest */ = {isa = PBXFileReference; explicitFileType = wrapper.cfbundle; includeInIndex = 0; path = PointiOSTests.xctest; sourceTree = BUILT_PRODUCTS_DIR; };
		B05AE5532E2DA36C00624197 /* PointiOSUITests.xctest */ = {isa = PBXFileReference; explicitFileType = wrapper.cfbundle; includeInIndex = 0; path = PointiOSUITests.xctest; sourceTree = BUILT_PRODUCTS_DIR; };
		B05AE55F2E2DA36C00624197 /* PointiOS Watch App.app */ = {isa = PBXFileReference; explicitFileType = wrapper.application; includeInIndex = 0; path = "PointiOS Watch App.app"; sourceTree = BUILT_PRODUCTS_DIR; };
		B05AE56E2E2DA36D00624197 /* PointiOS Watch AppTests.xctest */ = {isa = PBXFileReference; explicitFileType = wrapper.cfbundle; includeInIndex = 0; path = "PointiOS Watch AppTests.xctest"; sourceTree = BUILT_PRODUCTS_DIR; };
		B05AE5782E2DA36D00624197 /* PointiOS Watch AppUITests.xctest */ = {isa = PBXFileReference; explicitFileType = wrapper.cfbundle; includeInIndex = 0; path = "PointiOS Watch AppUITests.xctest"; sourceTree = BUILT_PRODUCTS_DIR; };
		B0D1A1FF2F5C070500A6F8D0 /* MotionTracker.swift */ = {isa = PBXFileReference; lastKnownFileType = sourcecode.swift; path = MotionTracker.swift; sourceTree = "<group>"; };
		B0D1A3002F5C0B6500A6F8D0 /* XPManager.swift */ = {isa = PBXFileReference; lastKnownFileType = sourcecode.swift; path = XPManager.swift; sourceTree = "<group>"; };
		B0D1A3112F5C1C9600A6F8D0 /* ProEntitlements.swift */ = {isa = PBXFileReference; lastKnownFileType = sourcecode.swift; path = ProEntitlements.swift; sourceTree = "<group>"; };
		B0D1A3122F5C1C9600A6F8D0 /* UpgradeView.swift */ = {isa = PBXFileReference; lastKnownFileType = sourcecode.swift; path = UpgradeView.swift; sourceTree = "<group>"; };
		B0D205972ED555B3006D8193 /* RNReanimated.xcodeproj */ = {isa = PBXFileReference; lastKnownFileType = "wrapper.pb-project"; path = RNReanimated.xcodeproj; sourceTree = "<group>"; };
		B0D237BF2ED55921006D8193 /* RNSVG.xcodeproj */ = {isa = PBXFileReference; lastKnownFileType = "wrapper.pb-project"; path = RNSVG.xcodeproj; sourceTree = "<group>"; };
		B0SEC0012F5E000000000001 /* Secrets.xcconfig */ = {isa = PBXFileReference; lastKnownFileType = text.xcconfig; path = Secrets.xcconfig; sourceTree = "<group>"; };
/* End PBXFileReference section */

/* Begin PBXFileSystemSynchronizedBuildFileExceptionSet section */
		B05F69142E362CFB00163FFD /* Exceptions for "PointiOS" folder in "PointiOS" target */ = {
			isa = PBXFileSystemSynchronizedBuildFileExceptionSet;
			membershipExceptions = (
				Info.plist,
			);
			target = B05AE53B2E2DA36B00624197 /* PointiOS */;
		};
		B0D270012ED14A1E006D8193 /* Exceptions for "PointiOS" folder in "PointiOS Watch App" target */ = {
			isa = PBXFileSystemSynchronizedBuildFileExceptionSet;
			membershipExceptions = (
				"Inter-Italic-VariableFont_opsz,wght.ttf",
				"Inter-VariableFont_opsz,wght.ttf",
				"Newsreader-Italic-VariableFont_opsz,wght.ttf",
				"Newsreader-VariableFont_opsz,wght.ttf",
			);
			target = B05AE55E2E2DA36C00624197 /* PointiOS Watch App */;
		};
/* End PBXFileSystemSynchronizedBuildFileExceptionSet section */

/* Begin PBXFileSystemSynchronizedRootGroup section */
		B05AE53E2E2DA36B00624197 /* PointiOS */ = {
			isa = PBXFileSystemSynchronizedRootGroup;
			exceptions = (
				B05F69142E362CFB00163FFD /* Exceptions for "PointiOS" folder in "PointiOS" target */,
				B0D270012ED14A1E006D8193 /* Exceptions for "PointiOS" folder in "PointiOS Watch App" target */,
			);
			path = PointiOS;
			sourceTree = "<group>";
		};
		B05AE54C2E2DA36C00624197 /* PointiOSTests */ = {
			isa = PBXFileSystemSynchronizedRootGroup;
			path = PointiOSTests;
			sourceTree = "<group>";
		};
		B05AE5562E2DA36C00624197 /* PointiOSUITests */ = {
			isa = PBXFileSystemSynchronizedRootGroup;
			path = PointiOSUITests;
			sourceTree = "<group>";
		};
		B05AE5632E2DA36C00624197 /* PointiOS Watch App */ = {
			isa = PBXFileSystemSynchronizedRootGroup;
			path = "PointiOS Watch App";
			sourceTree = "<group>";
		};
		B05AE5712E2DA36D00624197 /* PointiOS Watch AppTests */ = {
			isa = PBXFileSystemSynchronizedRootGroup;
			path = "PointiOS Watch AppTests";
			sourceTree = "<group>";
		};
		B05AE57B2E2DA36D00624197 /* PointiOS Watch AppUITests */ = {
			isa = PBXFileSystemSynchronizedRootGroup;
			path = "PointiOS Watch AppUITests";
			sourceTree = "<group>";
		};
/* End PBXFileSystemSynchronizedRootGroup section */

/* Begin PBXFrameworksBuildPhase section */
		B05AE5392E2DA36B00624197 /* Frameworks */ = {
			isa = PBXFrameworksBuildPhase;
			buildActionMask = 2147483647;
			files = (
				B0C2D0002F5B7E2C00F0ABCD /* LucideIcons in Frameworks */,
				B0E5C04E2E34366B0079684D /* FirebaseFirestore in Frameworks */,
				B0902C2F2EB6AA9B00482D6D /* GoogleSignInSwift in Frameworks */,
				B0E5C0502E34366B0079684D /* FirebaseStorage in Frameworks */,
				B0E5C04A2E34366B0079684D /* FirebaseAuth in Frameworks */,
				B0902C2D2EB6AA9B00482D6D /* GoogleSignIn in Frameworks */,
			);
			runOnlyForDeploymentPostprocessing = 0;
		};
		B05AE5462E2DA36C00624197 /* Frameworks */ = {
			isa = PBXFrameworksBuildPhase;
			buildActionMask = 2147483647;
			files = (
			);
			runOnlyForDeploymentPostprocessing = 0;
		};
		B05AE5502E2DA36C00624197 /* Frameworks */ = {
			isa = PBXFrameworksBuildPhase;
			buildActionMask = 2147483647;
			files = (
			);
			runOnlyForDeploymentPostprocessing = 0;
		};
		B05AE55C2E2DA36C00624197 /* Frameworks */ = {
			isa = PBXFrameworksBuildPhase;
			buildActionMask = 2147483647;
			files = (
			);
			runOnlyForDeploymentPostprocessing = 0;
		};
		B05AE56B2E2DA36D00624197 /* Frameworks */ = {
			isa = PBXFrameworksBuildPhase;
			buildActionMask = 2147483647;
			files = (
			);
			runOnlyForDeploymentPostprocessing = 0;
		};
		B05AE5752E2DA36D00624197 /* Frameworks */ = {
			isa = PBXFrameworksBuildPhase;
			buildActionMask = 2147483647;
			files = (
			);
			runOnlyForDeploymentPostprocessing = 0;
		};
/* End PBXFrameworksBuildPhase section */

/* Begin PBXGroup section */
		B05AE5332E2DA36B00624197 = {
			isa = PBXGroup;
			children = (
				B0SEC0012F5E000000000001 /* Secrets.xcconfig */,
				B05AE53E2E2DA36B00624197 /* PointiOS */,
				B05AE54C2E2DA36C00624197 /* PointiOSTests */,
				B05AE5562E2DA36C00624197 /* PointiOSUITests */,
				B05AE5632E2DA36C00624197 /* PointiOS Watch App */,
				B05AE5712E2DA36D00624197 /* PointiOS Watch AppTests */,
				B05AE57B2E2DA36D00624197 /* PointiOS Watch AppUITests */,
				B05AE53D2E2DA36B00624197 /* Products */,
				B0D263902ECE6E30006D8193 /* Recovered References */,
				B05B38D12EF47AC50038A6DA /* Frameworks */,
			);
			sourceTree = "<group>";
		};
		B05AE53D2E2DA36B00624197 /* Products */ = {
			isa = PBXGroup;
			children = (
				B05AE53C2E2DA36B00624197 /* PointiOS.app */,
				B05AE5492E2DA36C00624197 /* PointiOSTests.xctest */,
				B05AE5532E2DA36C00624197 /* PointiOSUITests.xctest */,
				B05AE55F2E2DA36C00624197 /* PointiOS Watch App.app */,
				B05AE56E2E2DA36D00624197 /* PointiOS Watch AppTests.xctest */,
				B05AE5782E2DA36D00624197 /* PointiOS Watch AppUITests.xctest */,
			);
			name = Products;
			sourceTree = "<group>";
		};
		B05B38D12EF47AC50038A6DA /* Frameworks */ = {
			isa = PBXGroup;
			children = (
			);
			name = Frameworks;
			sourceTree = "<group>";
		};
		B0D20F3E2ED555B3006D8193 /* Products */ = {
			isa = PBXGroup;
			children = (
			);
			name = Products;
			sourceTree = "<group>";
		};
		B0D23C822ED55921006D8193 /* Products */ = {
			isa = PBXGroup;
			children = (
			);
			name = Products;
			sourceTree = "<group>";
		};
		B0D263902ECE6E30006D8193 /* Recovered References */ = {
			isa = PBXGroup;
			children = (
				B0D1A1FF2F5C070500A6F8D0 /* MotionTracker.swift */,
				B0D1A3002F5C0B6500A6F8D0 /* XPManager.swift */,
				B0D1A3112F5C1C9600A6F8D0 /* ProEntitlements.swift */,
				B0D1A3122F5C1C9600A6F8D0 /* UpgradeView.swift */,
			);
			name = "Recovered References";
			sourceTree = "<group>";
		};
/* End PBXGroup section */

/* Begin PBXNativeTarget section */
		B05AE53B2E2DA36B00624197 /* PointiOS */ = {
			isa = PBXNativeTarget;
			buildConfigurationList = B05AE5862E2DA36D00624197 /* Build configuration list for PBXNativeTarget "PointiOS" */;
			buildPhases = (
				B05AE5382E2DA36B00624197 /* Sources */,
				B05AE5392E2DA36B00624197 /* Frameworks */,
				B05AE53A2E2DA36B00624197 /* Resources */,
				B05AE5852E2DA36D00624197 /* Embed Watch Content */,
			);
			buildRules = (
			);
			dependencies = (
				B05AE5622E2DA36C00624197 /* PBXTargetDependency */,
			);
			fileSystemSynchronizedGroups = (
				B05AE53E2E2DA36B00624197 /* PointiOS */,
			);
			name = PointiOS;
			packageProductDependencies = (
				B0E5C0492E34366B0079684D /* FirebaseAuth */,
				B0E5C04D2E34366B0079684D /* FirebaseFirestore */,
				B0E5C04F2E34366B0079684D /* FirebaseStorage */,
				B0902C2C2EB6AA9B00482D6D /* GoogleSignIn */,
				B0902C2E2EB6AA9B00482D6D /* GoogleSignInSwift */,
				B0C2D0012F5B7E2C00F0ABCD /* LucideIcons */,
			);
			productName = PointiOS;
			productReference = B05AE53C2E2DA36B00624197 /* PointiOS.app */;
			productType = "com.apple.product-type.application";
		};
		B05AE5482E2DA36C00624197 /* PointiOSTests */ = {
			isa = PBXNativeTarget;
			buildConfigurationList = B05AE5892E2DA36D00624197 /* Build configuration list for PBXNativeTarget "PointiOSTests" */;
			buildPhases = (
				B05AE5452E2DA36C00624197 /* Sources */,
				B05AE5462E2DA36C00624197 /* Frameworks */,
				B05AE5472E2DA36C00624197 /* Resources */,
			);
			buildRules = (
			);
			dependencies = (
				B05AE54B2E2DA36C00624197 /* PBXTargetDependency */,
			);
			fileSystemSynchronizedGroups = (
				B05AE54C2E2DA36C00624197 /* PointiOSTests */,
			);
			name = PointiOSTests;
			packageProductDependencies = (
			);
			productName = PointiOSTests;
			productReference = B05AE5492E2DA36C00624197 /* PointiOSTests.xctest */;
			productType = "com.apple.product-type.bundle.unit-test";
		};
		B05AE5522E2DA36C00624197 /* PointiOSUITests */ = {
			isa = PBXNativeTarget;
			buildConfigurationList = B05AE58C2E2DA36D00624197 /* Build configuration list for PBXNativeTarget "PointiOSUITests" */;
			buildPhases = (
				B05AE54F2E2DA36C00624197 /* Sources */,
				B05AE5502E2DA36C00624197 /* Frameworks */,
				B05AE5512E2DA36C00624197 /* Resources */,
			);
			buildRules = (
			);
			dependencies = (
				B05AE5552E2DA36C00624197 /* PBXTargetDependency */,
			);
			fileSystemSynchronizedGroups = (
				B05AE5562E2DA36C00624197 /* PointiOSUITests */,
			);
			name = PointiOSUITests;
			packageProductDependencies = (
			);
			productName = PointiOSUITests;
			productReference = B05AE5532E2DA36C00624197 /* PointiOSUITests.xctest */;
			productType = "com.apple.product-type.bundle.ui-testing";
		};
		B05AE55E2E2DA36C00624197 /* PointiOS Watch App */ = {
			isa = PBXNativeTarget;
			buildConfigurationList = B05AE5822E2DA36D00624197 /* Build configuration list for PBXNativeTarget "PointiOS Watch App" */;
			buildPhases = (
				B05AE55B2E2DA36C00624197 /* Sources */,
				B05AE55C2E2DA36C00624197 /* Frameworks */,
				B05AE55D2E2DA36C00624197 /* Resources */,
			);
			buildRules = (
			);
			dependencies = (
			);
			fileSystemSynchronizedGroups = (
				B05AE5632E2DA36C00624197 /* PointiOS Watch App */,
			);
			name = "PointiOS Watch App";
			packageProductDependencies = (
			);
			productName = "PointiOS Watch App";
			productReference = B05AE55F2E2DA36C00624197 /* PointiOS Watch App.app */;
			productType = "com.apple.product-type.application";
		};
		B05AE56D2E2DA36D00624197 /* PointiOS Watch AppTests */ = {
			isa = PBXNativeTarget;
			buildConfigurationList = B05AE58F2E2DA36D00624197 /* Build configuration list for PBXNativeTarget "PointiOS Watch AppTests" */;
			buildPhases = (
				B05AE56A2E2DA36D00624197 /* Sources */,
				B05AE56B2E2DA36D00624197 /* Frameworks */,
				B05AE56C2E2DA36D00624197 /* Resources */,
			);
			buildRules = (
			);
			dependencies = (
				B05AE5702E2DA36D00624197 /* PBXTargetDependency */,
			);
			fileSystemSynchronizedGroups = (
				B05AE5712E2DA36D00624197 /* PointiOS Watch AppTests */,
			);
			name = "PointiOS Watch AppTests";
			packageProductDependencies = (
			);
			productName = "PointiOS Watch AppTests";
			productReference = B05AE56E2E2DA36D00624197 /* PointiOS Watch AppTests.xctest */;
			productType = "com.apple.product-type.bundle.unit-test";
		};
		B05AE5772E2DA36D00624197 /* PointiOS Watch AppUITests */ = {
			isa = PBXNativeTarget;
			buildConfigurationList = B05AE5922E2DA36D00624197 /* Build configuration list for PBXNativeTarget "PointiOS Watch AppUITests" */;
			buildPhases = (
				B05AE5742E2DA36D00624197 /* Sources */,
				B05AE5752E2DA36D00624197 /* Frameworks */,
				B05AE5762E2DA36D00624197 /* Resources */,
			);
			buildRules = (
			);
			dependencies = (
				B05AE57A2E2DA36D00624197 /* PBXTargetDependency */,
			);
			fileSystemSynchronizedGroups = (
				B05AE57B2E2DA36D00624197 /* PointiOS Watch AppUITests */,
			);
			name = "PointiOS Watch AppUITests";
			packageProductDependencies = (
			);
			productName = "PointiOS Watch AppUITests";
			productReference = B05AE5782E2DA36D00624197 /* PointiOS Watch AppUITests.xctest */;
			productType = "com.apple.product-type.bundle.ui-testing";
		};
/* End PBXNativeTarget section */

/* Begin PBXProject section */
		B05AE5342E2DA36B00624197 /* Project object */ = {
			isa = PBXProject;
			attributes = {
				BuildIndependentTargetsInParallel = 1;
				LastSwiftUpdateCheck = 1640;
				LastUpgradeCheck = 2600;
				TargetAttributes = {
					B05AE53B2E2DA36B00624197 = {
						CreatedOnToolsVersion = 16.4;
					};
					B05AE5482E2DA36C00624197 = {
						CreatedOnToolsVersion = 16.4;
						TestTargetID = B05AE53B2E2DA36B00624197;
					};
					B05AE5522E2DA36C00624197 = {
						CreatedOnToolsVersion = 16.4;
						TestTargetID = B05AE53B2E2DA36B00624197;
					};
					B05AE55E2E2DA36C00624197 = {
						CreatedOnToolsVersion = 16.4;
					};
					B05AE56D2E2DA36D00624197 = {
						CreatedOnToolsVersion = 16.4;
						TestTargetID = B05AE55E2E2DA36C00624197;
					};
					B05AE5772E2DA36D00624197 = {
						CreatedOnToolsVersion = 16.4;
						TestTargetID = B05AE55E2E2DA36C00624197;
					};
				};
			};
			buildConfigurationList = B05AE5372E2DA36B00624197 /* Build configuration list for PBXProject "PointiOS" */;
			developmentRegion = en;
			hasScannedForEncodings = 0;
			knownRegions = (
				en,
				Base,
				de,
				he,
				ar,
				el,
				"zh-Hans",
				ja,
				"zh-Hant-HK",
				uk,
				nb,
				"en-GB",
				es,
				da,
				it,
				sk,
				"es-ES",
				ms,
				sv,
				cs,
				ko,
				"zh-Hant",
				hu,
				tr,
				pl,
				vi,
				ru,
				fr,
				fi,
				id,
				nl,
				th,
				pt,
				zu,
				"pt-PT",
				ro,
				hr,
				hi,
			);
			mainGroup = B05AE5332E2DA36B00624197;
			minimizedProjectReferenceProxies = 1;
			packageReferences = (
				B0E5C0462E34366B0079684D /* XCRemoteSwiftPackageReference "firebase-ios-sdk" */,
				B0902C2B2EB6AA9B00482D6D /* XCRemoteSwiftPackageReference "GoogleSignIn-iOS" */,
				B0427DB52EC553C70018EA3F /* XCRemoteSwiftPackageReference "lucide-icons-swift" */,
			);
			preferredProjectObjectVersion = 77;
			productRefGroup = B05AE53D2E2DA36B00624197 /* Products */;
			projectDirPath = "";
			projectReferences = (
				{
					ProductGroup = B0D20F3E2ED555B3006D8193 /* Products */;
					ProjectRef = B0D205972ED555B3006D8193 /* RNReanimated.xcodeproj */;
				},
				{
					ProductGroup = B0D23C822ED55921006D8193 /* Products */;
					ProjectRef = B0D237BF2ED55921006D8193 /* RNSVG.xcodeproj */;
				},
			);
			projectRoot = "";
			targets = (
				B05AE53B2E2DA36B00624197 /* PointiOS */,
				B05AE5482E2DA36C00624197 /* PointiOSTests */,
				B05AE5522E2DA36C00624197 /* PointiOSUITests */,
				B05AE55E2E2DA36C00624197 /* PointiOS Watch App */,
				B05AE56D2E2DA36D00624197 /* PointiOS Watch AppTests */,
				B05AE5772E2DA36D00624197 /* PointiOS Watch AppUITests */,
			);
		};
/* End PBXProject section */

/* Begin PBXResourcesBuildPhase section */
		B05AE53A2E2DA36B00624197 /* Resources */ = {
			isa = PBXResourcesBuildPhase;
			buildActionMask = 2147483647;
			files = (
			);
			runOnlyForDeploymentPostprocessing = 0;
		};
		B05AE5472E2DA36C00624197 /* Resources */ = {
			isa = PBXResourcesBuildPhase;
			buildActionMask = 2147483647;
			files = (
			);
			runOnlyForDeploymentPostprocessing = 0;
		};
		B05AE5512E2DA36C00624197 /* Resources */ = {
			isa = PBXResourcesBuildPhase;
			buildActionMask = 2147483647;
			files = (
			);
			runOnlyForDeploymentPostprocessing = 0;
		};
		B05AE55D2E2DA36C00624197 /* Resources */ = {
			isa = PBXResourcesBuildPhase;
			buildActionMask = 2147483647;
			files = (
			);
			runOnlyForDeploymentPostprocessing = 0;
		};
		B05AE56C2E2DA36D00624197 /* Resources */ = {
			isa = PBXResourcesBuildPhase;
			buildActionMask = 2147483647;
			files = (
			);
			runOnlyForDeploymentPostprocessing = 0;
		};
		B05AE5762E2DA36D00624197 /* Resources */ = {
			isa = PBXResourcesBuildPhase;
			buildActionMask = 2147483647;
			files = (
			);
			runOnlyForDeploymentPostprocessing = 0;
		};
/* End PBXResourcesBuildPhase section */

/* Begin PBXSourcesBuildPhase section */
		B05AE5382E2DA36B00624197 /* Sources */ = {
			isa = PBXSourcesBuildPhase;
			buildActionMask = 2147483647;
			files = (
			);
			runOnlyForDeploymentPostprocessing = 0;
		};
		B05AE5452E2DA36C00624197 /* Sources */ = {
			isa = PBXSourcesBuildPhase;
			buildActionMask = 2147483647;
			files = (
			);
			runOnlyForDeploymentPostprocessing = 0;
		};
		B05AE54F2E2DA36C00624197 /* Sources */ = {
			isa = PBXSourcesBuildPhase;
			buildActionMask = 2147483647;
			files = (
			);
			runOnlyForDeploymentPostprocessing = 0;
		};
		B05AE55B2E2DA36C00624197 /* Sources */ = {
			isa = PBXSourcesBuildPhase;
			buildActionMask = 2147483647;
			files = (
			);
			runOnlyForDeploymentPostprocessing = 0;
		};
		B05AE56A2E2DA36D00624197 /* Sources */ = {
			isa = PBXSourcesBuildPhase;
			buildActionMask = 2147483647;
			files = (
			);
			runOnlyForDeploymentPostprocessing = 0;
		};
		B05AE5742E2DA36D00624197 /* Sources */ = {
			isa = PBXSourcesBuildPhase;
			buildActionMask = 2147483647;
			files = (
			);
			runOnlyForDeploymentPostprocessing = 0;
		};
/* End PBXSourcesBuildPhase section */

/* Begin PBXTargetDependency section */
		B05AE54B2E2DA36C00624197 /* PBXTargetDependency */ = {
			isa = PBXTargetDependency;
			target = B05AE53B2E2DA36B00624197 /* PointiOS */;
			targetProxy = B05AE54A2E2DA36C00624197 /* PBXContainerItemProxy */;
		};
		B05AE5552E2DA36C00624197 /* PBXTargetDependency */ = {
			isa = PBXTargetDependency;
			target = B05AE53B2E2DA36B00624197 /* PointiOS */;
			targetProxy = B05AE5542E2DA36C00624197 /* PBXContainerItemProxy */;
		};
		B05AE5622E2DA36C00624197 /* PBXTargetDependency */ = {
			isa = PBXTargetDependency;
			target = B05AE55E2E2DA36C00624197 /* PointiOS Watch App */;
			targetProxy = B05AE5612E2DA36C00624197 /* PBXContainerItemProxy */;
		};
		B05AE5702E2DA36D00624197 /* PBXTargetDependency */ = {
			isa = PBXTargetDependency;
			target = B05AE55E2E2DA36C00624197 /* PointiOS Watch App */;
			targetProxy = B05AE56F2E2DA36D00624197 /* PBXContainerItemProxy */;
		};
		B05AE57A2E2DA36D00624197 /* PBXTargetDependency */ = {
			isa = PBXTargetDependency;
			target = B05AE55E2E2DA36C00624197 /* PointiOS Watch App */;
			targetProxy = B05AE5792E2DA36D00624197 /* PBXContainerItemProxy */;
		};
/* End PBXTargetDependency section */

/* Begin XCBuildConfiguration section */
		B05AE5802E2DA36D00624197 /* Debug */ = {
			isa = XCBuildConfiguration;
			buildSettings = {
				ALWAYS_SEARCH_USER_PATHS = NO;
				ASSETCATALOG_COMPILER_GENERATE_SWIFT_ASSET_SYMBOL_EXTENSIONS = YES;
				CLANG_ANALYZER_NONNULL = YES;
				CLANG_ANALYZER_NUMBER_OBJECT_CONVERSION = YES_AGGRESSIVE;
				CLANG_CXX_LANGUAGE_STANDARD = "gnu++20";
				CLANG_ENABLE_MODULES = YES;
				CLANG_ENABLE_OBJC_ARC = YES;
				CLANG_ENABLE_OBJC_WEAK = YES;
				CLANG_WARN_BLOCK_CAPTURE_AUTORELEASING = YES;
				CLANG_WARN_BOOL_CONVERSION = YES;
				CLANG_WARN_COMMA = YES;
				CLANG_WARN_CONSTANT_CONVERSION = YES;
				CLANG_WARN_DEPRECATED_OBJC_IMPLEMENTATIONS = YES;
				CLANG_WARN_DIRECT_OBJC_ISA_USAGE = YES_ERROR;
				CLANG_WARN_DOCUMENTATION_COMMENTS = YES;
				CLANG_WARN_EMPTY_BODY = YES;
				CLANG_WARN_ENUM_CONVERSION = YES;
				CLANG_WARN_INFINITE_RECURSION = YES;
				CLANG_WARN_INT_CONVERSION = YES;
				CLANG_WARN_NON_LITERAL_NULL_CONVERSION = YES;
				CLANG_WARN_OBJC_IMPLICIT_RETAIN_SELF = YES;
				CLANG_WARN_OBJC_LITERAL_CONVERSION = YES;
				CLANG_WARN_OBJC_ROOT_CLASS = YES_ERROR;
				CLANG_WARN_QUOTED_INCLUDE_IN_FRAMEWORK_HEADER = YES;
				CLANG_WARN_RANGE_LOOP_ANALYSIS = YES;
				CLANG_WARN_STRICT_PROTOTYPES = YES;
				CLANG_WARN_SUSPICIOUS_MOVE = YES;
				CLANG_WARN_UNGUARDED_AVAILABILITY = YES_AGGRESSIVE;
				CLANG_WARN_UNREACHABLE_CODE = YES;
				CLANG_WARN__DUPLICATE_METHOD_MATCH = YES;
				COPY_PHASE_STRIP = NO;
				DEAD_CODE_STRIPPING = YES;
				DEBUG_INFORMATION_FORMAT = dwarf;
				DEVELOPMENT_TEAM = E7WFQ23AM8;
				ENABLE_STRICT_OBJC_MSGSEND = YES;
				ENABLE_TESTABILITY = YES;
				ENABLE_USER_SCRIPT_SANDBOXING = YES;
				GCC_C_LANGUAGE_STANDARD = gnu17;
				GCC_DYNAMIC_NO_PIC = NO;
				GCC_NO_COMMON_BLOCKS = YES;
				GCC_OPTIMIZATION_LEVEL = 0;
				GCC_PREPROCESSOR_DEFINITIONS = (
					"DEBUG=1",
					"$(inherited)",
				);
				GCC_WARN_64_TO_32_BIT_CONVERSION = YES;
				GCC_WARN_ABOUT_RETURN_TYPE = YES_ERROR;
				GCC_WARN_UNDECLARED_SELECTOR = YES;
				GCC_WARN_UNINITIALIZED_AUTOS = YES_AGGRESSIVE;
				GCC_WARN_UNUSED_FUNCTION = YES;
				GCC_WARN_UNUSED_VARIABLE = YES;
				LOCALIZATION_PREFERS_STRING_CATALOGS = YES;
				MTL_ENABLE_DEBUG_INFO = INCLUDE_SOURCE;
				MTL_FAST_MATH = YES;
				ONLY_ACTIVE_ARCH = YES;
				STRING_CATALOG_GENERATE_SYMBOLS = YES;
				SWIFT_ACTIVE_COMPILATION_CONDITIONS = "DEBUG $(inherited)";
				SWIFT_OPTIMIZATION_LEVEL = "-Onone";
			};
			name = Debug;
		};
		B05AE5812E2DA36D00624197 /* Release */ = {
			isa = XCBuildConfiguration;
			buildSettings = {
				ALWAYS_SEARCH_USER_PATHS = NO;
				ASSETCATALOG_COMPILER_GENERATE_SWIFT_ASSET_SYMBOL_EXTENSIONS = YES;
				CLANG_ANALYZER_NONNULL = YES;
				CLANG_ANALYZER_NUMBER_OBJECT_CONVERSION = YES_AGGRESSIVE;
				CLANG_CXX_LANGUAGE_STANDARD = "gnu++20";
				CLANG_ENABLE_MODULES = YES;
				CLANG_ENABLE_OBJC_ARC = YES;
				CLANG_ENABLE_OBJC_WEAK = YES;
				CLANG_WARN_BLOCK_CAPTURE_AUTORELEASING = YES;
				CLANG_WARN_BOOL_CONVERSION = YES;
				CLANG_WARN_COMMA = YES;
				CLANG_WARN_CONSTANT_CONVERSION = YES;
				CLANG_WARN_DEPRECATED_OBJC_IMPLEMENTATIONS = YES;
				CLANG_WARN_DIRECT_OBJC_ISA_USAGE = YES_ERROR;
				CLANG_WARN_DOCUMENTATION_COMMENTS = YES;
				CLANG_WARN_EMPTY_BODY = YES;
				CLANG_WARN_ENUM_CONVERSION = YES;
				CLANG_WARN_INFINITE_RECURSION = YES;
				CLANG_WARN_INT_CONVERSION = YES;
				CLANG_WARN_NON_LITERAL_NULL_CONVERSION = YES;
				CLANG_WARN_OBJC_IMPLICIT_RETAIN_SELF = YES;
				CLANG_WARN_OBJC_LITERAL_CONVERSION = YES;
				CLANG_WARN_OBJC_ROOT_CLASS = YES_ERROR;
				CLANG_WARN_QUOTED_INCLUDE_IN_FRAMEWORK_HEADER = YES;
				CLANG_WARN_RANGE_LOOP_ANALYSIS = YES;
				CLANG_WARN_STRICT_PROTOTYPES = YES;
				CLANG_WARN_SUSPICIOUS_MOVE = YES;
				CLANG_WARN_UNGUARDED_AVAILABILITY = YES_AGGRESSIVE;
				CLANG_WARN_UNREACHABLE_CODE = YES;
				CLANG_WARN__DUPLICATE_METHOD_MATCH = YES;
				COPY_PHASE_STRIP = NO;
				DEAD_CODE_STRIPPING = YES;
				DEBUG_INFORMATION_FORMAT = "dwarf-with-dsym";
				DEVELOPMENT_TEAM = E7WFQ23AM8;
				ENABLE_NS_ASSERTIONS = NO;
				ENABLE_STRICT_OBJC_MSGSEND = YES;
				ENABLE_USER_SCRIPT_SANDBOXING = YES;
				GCC_C_LANGUAGE_STANDARD = gnu17;
				GCC_NO_COMMON_BLOCKS = YES;
				GCC_WARN_64_TO_32_BIT_CONVERSION = YES;
				GCC_WARN_ABOUT_RETURN_TYPE = YES_ERROR;
				GCC_WARN_UNDECLARED_SELECTOR = YES;
				GCC_WARN_UNINITIALIZED_AUTOS = YES_AGGRESSIVE;
				GCC_WARN_UNUSED_FUNCTION = YES;
				GCC_WARN_UNUSED_VARIABLE = YES;
				LOCALIZATION_PREFERS_STRING_CATALOGS = YES;
				MTL_ENABLE_DEBUG_INFO = NO;
				MTL_FAST_MATH = YES;
				STRING_CATALOG_GENERATE_SYMBOLS = YES;
				SWIFT_COMPILATION_MODE = wholemodule;
			};
			name = Release;
		};
		B05AE5832E2DA36D00624197 /* Debug */ = {
			isa = XCBuildConfiguration;
			buildSettings = {
				ASSETCATALOG_COMPILER_APPICON_NAME = AppIcon;
				ASSETCATALOG_COMPILER_GLOBAL_ACCENT_COLOR_NAME = AccentColor;
				CODE_SIGN_ENTITLEMENTS = "PointiOS Watch App/PointiOS Watch App.entitlements";
				CODE_SIGN_STYLE = Automatic;
				CURRENT_PROJECT_VERSION = 1;
				DEVELOPMENT_TEAM = E7WFQ23AM8;
				ENABLE_PREVIEWS = YES;
				GENERATE_INFOPLIST_FILE = YES;
				INFOPLIST_KEY_CFBundleDisplayName = PointiOS;
				INFOPLIST_KEY_NSCameraUsageDescription = "Point uses the camera to create story backgrounds";
				INFOPLIST_KEY_NSHealthShareUsageDescription = "Point tracks calories and heart rate during games";
				INFOPLIST_KEY_NSHealthUpdateUsageDescription = "Point tracks workout data during games";
				INFOPLIST_KEY_NSLocationWhenInUseUsageDescription = "WatchPoint tracks which courts you play at";
				INFOPLIST_KEY_UISupportedInterfaceOrientations = "UIInterfaceOrientationPortrait UIInterfaceOrientationPortraitUpsideDown";
				INFOPLIST_KEY_WKCompanionAppBundleIdentifier = Bryson.PointiOS;
				LD_RUNPATH_SEARCH_PATHS = (
					"$(inherited)",
					"@executable_path/Frameworks",
				);
				MARKETING_VERSION = 1.0;
				PRODUCT_BUNDLE_IDENTIFIER = Bryson.PointiOS.watchkitapp;
				PRODUCT_NAME = "$(TARGET_NAME)";
				SDKROOT = watchos;
				SKIP_INSTALL = YES;
				SWIFT_EMIT_LOC_STRINGS = YES;
				SWIFT_VERSION = 5.0;
				TARGETED_DEVICE_FAMILY = 4;
				WATCHOS_DEPLOYMENT_TARGET = 11.5;
			};
			name = Debug;
		};
		B05AE5842E2DA36D00624197 /* Release */ = {
			isa = XCBuildConfiguration;
			buildSettings = {
				ASSETCATALOG_COMPILER_APPICON_NAME = AppIcon;
				ASSETCATALOG_COMPILER_GLOBAL_ACCENT_COLOR_NAME = AccentColor;
				CODE_SIGN_ENTITLEMENTS = "PointiOS Watch App/PointiOS Watch App.entitlements";
				CODE_SIGN_STYLE = Automatic;
				CURRENT_PROJECT_VERSION = 1;
				DEVELOPMENT_TEAM = E7WFQ23AM8;
				ENABLE_PREVIEWS = YES;
				GENERATE_INFOPLIST_FILE = YES;
				INFOPLIST_KEY_CFBundleDisplayName = PointiOS;
				INFOPLIST_KEY_NSCameraUsageDescription = "Point uses the camera to create story backgrounds";
				INFOPLIST_KEY_NSHealthShareUsageDescription = "Point tracks calories and heart rate during games";
				INFOPLIST_KEY_NSHealthUpdateUsageDescription = "Point tracks workout data during games";
				INFOPLIST_KEY_NSLocationWhenInUseUsageDescription = "WatchPoint tracks which courts you play at";
				INFOPLIST_KEY_UISupportedInterfaceOrientations = "UIInterfaceOrientationPortrait UIInterfaceOrientationPortraitUpsideDown";
				INFOPLIST_KEY_WKCompanionAppBundleIdentifier = Bryson.PointiOS;
				LD_RUNPATH_SEARCH_PATHS = (
					"$(inherited)",
					"@executable_path/Frameworks",
				);
				MARKETING_VERSION = 1.0;
				PRODUCT_BUNDLE_IDENTIFIER = Bryson.PointiOS.watchkitapp;
				PRODUCT_NAME = "$(TARGET_NAME)";
				SDKROOT = watchos;
				SKIP_INSTALL = YES;
				SWIFT_EMIT_LOC_STRINGS = YES;
				SWIFT_VERSION = 5.0;
				TARGETED_DEVICE_FAMILY = 4;
				VALIDATE_PRODUCT = YES;
				WATCHOS_DEPLOYMENT_TARGET = 11.5;
			};
			name = Release;
		};
		B05AE5872E2DA36D00624197 /* Debug */ = {
			isa = XCBuildConfiguration;
			baseConfigurationReference = B0SEC0012F5E000000000001 /* Secrets.xcconfig */;
			buildSettings = {
				ASSETCATALOG_COMPILER_APPICON_NAME = "AppIcon Light";
				ASSETCATALOG_COMPILER_GLOBAL_ACCENT_COLOR_NAME = AccentColor;
				CODE_SIGN_ENTITLEMENTS = PointiOS/PointiOS.entitlements;
				CODE_SIGN_STYLE = Automatic;
				CURRENT_PROJECT_VERSION = 1;
				DEVELOPMENT_TEAM = E7WFQ23AM8;
				ENABLE_PREVIEWS = YES;
				GENERATE_INFOPLIST_FILE = YES;
				INFOPLIST_FILE = PointiOS/Info.plist;
				INFOPLIST_KEY_CFBundleDisplayName = PointiOS;
				INFOPLIST_KEY_NSCameraUsageDescription = "This app needs camera access to capture photos for session sharing";
				INFOPLIST_KEY_NSHealthShareUsageDescription = "This app needs to read health data for workout tracking";
				INFOPLIST_KEY_NSHealthUpdateUsageDescription = "This app needs to update health data for workout tracking";
				INFOPLIST_KEY_NSLocationWhenInUseUsageDescription = "This app needs location access to track where you play.";
				INFOPLIST_KEY_UIApplicationSceneManifest_Generation = YES;
				INFOPLIST_KEY_UIApplicationSupportsIndirectInputEvents = YES;
				INFOPLIST_KEY_UILaunchScreen_Generation = YES;
				INFOPLIST_KEY_UISupportedInterfaceOrientations_iPad = "UIInterfaceOrientationPortrait UIInterfaceOrientationPortraitUpsideDown UIInterfaceOrientationLandscapeLeft UIInterfaceOrientationLandscapeRight";
				INFOPLIST_KEY_UISupportedInterfaceOrientations_iPhone = "UIInterfaceOrientationPortrait UIInterfaceOrientationLandscapeLeft UIInterfaceOrientationLandscapeRight";
				IPHONEOS_DEPLOYMENT_TARGET = 18.5;
				LD_RUNPATH_SEARCH_PATHS = (
					"$(inherited)",
					"@executable_path/Frameworks",
				);
				LIBRARY_SEARCH_PATHS = (
					"$(inherited)",
					"$(PROJECT_DIR)/PointiOS/design-mockup/preview-app/node_modules/lightningcss-darwin-arm64",
				);
				MARKETING_VERSION = 1.0;
				PRODUCT_BUNDLE_IDENTIFIER = Bryson.PointiOS;
				PRODUCT_NAME = "$(TARGET_NAME)";
				SDKROOT = iphoneos;
				SWIFT_EMIT_LOC_STRINGS = YES;
				SWIFT_VERSION = 5.0;
				TARGETED_DEVICE_FAMILY = "1,2";
			};
			name = Debug;
		};
		B05AE5882E2DA36D00624197 /* Release */ = {
			isa = XCBuildConfiguration;
			baseConfigurationReference = B0SEC0012F5E000000000001 /* Secrets.xcconfig */;
			buildSettings = {
				ASSETCATALOG_COMPILER_APPICON_NAME = "AppIcon Light";
				ASSETCATALOG_COMPILER_GLOBAL_ACCENT_COLOR_NAME = AccentColor;
				CODE_SIGN_ENTITLEMENTS = PointiOS/PointiOS.entitlements;
				CODE_SIGN_STYLE = Automatic;
				CURRENT_PROJECT_VERSION = 1;
				DEVELOPMENT_TEAM = E7WFQ23AM8;
				ENABLE_PREVIEWS = YES;
				GENERATE_INFOPLIST_FILE = YES;
				INFOPLIST_FILE = PointiOS/Info.plist;
				INFOPLIST_KEY_CFBundleDisplayName = PointiOS;
				INFOPLIST_KEY_NSCameraUsageDescription = "This app needs camera access to capture photos for session sharing";
				INFOPLIST_KEY_NSHealthShareUsageDescription = "This app needs to read health data for workout tracking";
				INFOPLIST_KEY_NSHealthUpdateUsageDescription = "This app needs to update health data for workout tracking";
				INFOPLIST_KEY_NSLocationWhenInUseUsageDescription = "This app needs location access to track where you play.";
				INFOPLIST_KEY_UIApplicationSceneManifest_Generation = YES;
				INFOPLIST_KEY_UIApplicationSupportsIndirectInputEvents = YES;
				INFOPLIST_KEY_UILaunchScreen_Generation = YES;
				INFOPLIST_KEY_UISupportedInterfaceOrientations_iPad = "UIInterfaceOrientationPortrait UIInterfaceOrientationPortraitUpsideDown UIInterfaceOrientationLandscapeLeft UIInterfaceOrientationLandscapeRight";
				INFOPLIST_KEY_UISupportedInterfaceOrientations_iPhone = "UIInterfaceOrientationPortrait UIInterfaceOrientationLandscapeLeft UIInterfaceOrientationLandscapeRight";
				IPHONEOS_DEPLOYMENT_TARGET = 18.5;
				LD_RUNPATH_SEARCH_PATHS = (
					"$(inherited)",
					"@executable_path/Frameworks",
				);
				LIBRARY_SEARCH_PATHS = (
					"$(inherited)",
					"$(PROJECT_DIR)/PointiOS/design-mockup/preview-app/node_modules/lightningcss-darwin-arm64",
				);
				MARKETING_VERSION = 1.0;
				PRODUCT_BUNDLE_IDENTIFIER = Bryson.PointiOS;
				PRODUCT_NAME = "$(TARGET_NAME)";
				SDKROOT = iphoneos;
				SWIFT_EMIT_LOC_STRINGS = YES;
				SWIFT_VERSION = 5.0;
				TARGETED_DEVICE_FAMILY = "1,2";
				VALIDATE_PRODUCT = YES;
			};
			name = Release;
		};
		B05AE58A2E2DA36D00624197 /* Debug */ = {
			isa = XCBuildConfiguration;
			buildSettings = {
				BUNDLE_LOADER = "$(TEST_HOST)";
				CODE_SIGN_STYLE = Automatic;
				CURRENT_PROJECT_VERSION = 1;
				DEVELOPMENT_TEAM = E7WFQ23AM8;
				GENERATE_INFOPLIST_FILE = YES;
				IPHONEOS_DEPLOYMENT_TARGET = 18.5;
				MARKETING_VERSION = 1.0;
				PRODUCT_BUNDLE_IDENTIFIER = Bryson.PointiOSTests;
				PRODUCT_NAME = "$(TARGET_NAME)";
				SDKROOT = iphoneos;
				SWIFT_EMIT_LOC_STRINGS = NO;
				SWIFT_VERSION = 5.0;
				TARGETED_DEVICE_FAMILY = "1,2";
				TEST_HOST = "$(BUILT_PRODUCTS_DIR)/PointiOS.app/$(BUNDLE_EXECUTABLE_FOLDER_PATH)/PointiOS";
			};
			name = Debug;
		};
		B05AE58B2E2DA36D00624197 /* Release */ = {
			isa = XCBuildConfiguration;
			buildSettings = {
				BUNDLE_LOADER = "$(TEST_HOST)";
				CODE_SIGN_STYLE = Automatic;
				CURRENT_PROJECT_VERSION = 1;
				DEVELOPMENT_TEAM = E7WFQ23AM8;
				GENERATE_INFOPLIST_FILE = YES;
				IPHONEOS_DEPLOYMENT_TARGET = 18.5;
				MARKETING_VERSION = 1.0;
				PRODUCT_BUNDLE_IDENTIFIER = Bryson.PointiOSTests;
				PRODUCT_NAME = "$(TARGET_NAME)";
				SDKROOT = iphoneos;
				SWIFT_EMIT_LOC_STRINGS = NO;
				SWIFT_VERSION = 5.0;
				TARGETED_DEVICE_FAMILY = "1,2";
				TEST_HOST = "$(BUILT_PRODUCTS_DIR)/PointiOS.app/$(BUNDLE_EXECUTABLE_FOLDER_PATH)/PointiOS";
				VALIDATE_PRODUCT = YES;
			};
			name = Release;
		};
		B05AE58D2E2DA36D00624197 /* Debug */ = {
			isa = XCBuildConfiguration;
			buildSettings = {
				CODE_SIGN_STYLE = Automatic;
				CURRENT_PROJECT_VERSION = 1;
				DEVELOPMENT_TEAM = E7WFQ23AM8;
				GENERATE_INFOPLIST_FILE = YES;
				IPHONEOS_DEPLOYMENT_TARGET = 18.5;
				MARKETING_VERSION = 1.0;
				PRODUCT_BUNDLE_IDENTIFIER = Bryson.PointiOSUITests;
				PRODUCT_NAME = "$(TARGET_NAME)";
				SDKROOT = iphoneos;
				SWIFT_EMIT_LOC_STRINGS = NO;
				SWIFT_VERSION = 5.0;
				TARGETED_DEVICE_FAMILY = "1,2";
				TEST_TARGET_NAME = PointiOS;
			};
			name = Debug;
		};
		B05AE58E2E2DA36D00624197 /* Release */ = {
			isa = XCBuildConfiguration;
			buildSettings = {
				CODE_SIGN_STYLE = Automatic;
				CURRENT_PROJECT_VERSION = 1;
				DEVELOPMENT_TEAM = E7WFQ23AM8;
				GENERATE_INFOPLIST_FILE = YES;
				IPHONEOS_DEPLOYMENT_TARGET = 18.5;
				MARKETING_VERSION = 1.0;
				PRODUCT_BUNDLE_IDENTIFIER = Bryson.PointiOSUITests;
				PRODUCT_NAME = "$(TARGET_NAME)";
				SDKROOT = iphoneos;
				SWIFT_EMIT_LOC_STRINGS = NO;
				SWIFT_VERSION = 5.0;
				TARGETED_DEVICE_FAMILY = "1,2";
				TEST_TARGET_NAME = PointiOS;
				VALIDATE_PRODUCT = YES;
			};
			name = Release;
		};
		B05AE5902E2DA36D00624197 /* Debug */ = {
			isa = XCBuildConfiguration;
			buildSettings = {
				BUNDLE_LOADER = "$(TEST_HOST)";
				CODE_SIGN_STYLE = Automatic;
				CURRENT_PROJECT_VERSION = 1;
				DEVELOPMENT_TEAM = E7WFQ23AM8;
				GENERATE_INFOPLIST_FILE = YES;
				MARKETING_VERSION = 1.0;
				PRODUCT_BUNDLE_IDENTIFIER = "Bryson.PointiOS-Watch-AppTests";
				PRODUCT_NAME = "$(TARGET_NAME)";
				SDKROOT = watchos;
				SWIFT_EMIT_LOC_STRINGS = NO;
				SWIFT_VERSION = 5.0;
				TARGETED_DEVICE_FAMILY = 4;
				TEST_HOST = "$(BUILT_PRODUCTS_DIR)/PointiOS Watch App.app/$(BUNDLE_EXECUTABLE_FOLDER_PATH)/PointiOS Watch App";
				WATCHOS_DEPLOYMENT_TARGET = 11.5;
			};
			name = Debug;
		};
		B05AE5912E2DA36D00624197 /* Release */ = {
			isa = XCBuildConfiguration;
			buildSettings = {
				BUNDLE_LOADER = "$(TEST_HOST)";
				CODE_SIGN_STYLE = Automatic;
				CURRENT_PROJECT_VERSION = 1;
				DEVELOPMENT_TEAM = E7WFQ23AM8;
				GENERATE_INFOPLIST_FILE = YES;
				MARKETING_VERSION = 1.0;
				PRODUCT_BUNDLE_IDENTIFIER = "Bryson.PointiOS-Watch-AppTests";
				PRODUCT_NAME = "$(TARGET_NAME)";
				SDKROOT = watchos;
				SWIFT_EMIT_LOC_STRINGS = NO;
				SWIFT_VERSION = 5.0;
				TARGETED_DEVICE_FAMILY = 4;
				TEST_HOST = "$(BUILT_PRODUCTS_DIR)/PointiOS Watch App.app/$(BUNDLE_EXECUTABLE_FOLDER_PATH)/PointiOS Watch App";
				VALIDATE_PRODUCT = YES;
				WATCHOS_DEPLOYMENT_TARGET = 11.5;
			};
			name = Release;
		};
		B05AE5932E2DA36D00624197 /* Debug */ = {
			isa = XCBuildConfiguration;
			buildSettings = {
				CODE_SIGN_STYLE = Automatic;
				CURRENT_PROJECT_VERSION = 1;
				DEVELOPMENT_TEAM = E7WFQ23AM8;
				GENERATE_INFOPLIST_FILE = YES;
				MARKETING_VERSION = 1.0;
				PRODUCT_BUNDLE_IDENTIFIER = "Bryson.PointiOS-Watch-AppUITests";
				PRODUCT_NAME = "$(TARGET_NAME)";
				SDKROOT = watchos;
				SWIFT_EMIT_LOC_STRINGS = NO;
				SWIFT_VERSION = 5.0;
				TARGETED_DEVICE_FAMILY = 4;
				TEST_TARGET_NAME = "PointiOS Watch App";
				WATCHOS_DEPLOYMENT_TARGET = 11.5;
			};
			name = Debug;
		};
		B05AE5942E2DA36D00624197 /* Release */ = {
			isa = XCBuildConfiguration;
			buildSettings = {
				CODE_SIGN_STYLE = Automatic;
				CURRENT_PROJECT_VERSION = 1;
				DEVELOPMENT_TEAM = E7WFQ23AM8;
				GENERATE_INFOPLIST_FILE = YES;
				MARKETING_VERSION = 1.0;
				PRODUCT_BUNDLE_IDENTIFIER = "Bryson.PointiOS-Watch-AppUITests";
				PRODUCT_NAME = "$(TARGET_NAME)";
				SDKROOT = watchos;
				SWIFT_EMIT_LOC_STRINGS = NO;
				SWIFT_VERSION = 5.0;
				TARGETED_DEVICE_FAMILY = 4;
				TEST_TARGET_NAME = "PointiOS Watch App";
				VALIDATE_PRODUCT = YES;
				WATCHOS_DEPLOYMENT_TARGET = 11.5;
			};
			name = Release;
		};
/* End XCBuildConfiguration section */

/* Begin XCConfigurationList section */
		B05AE5372E2DA36B00624197 /* Build configuration list for PBXProject "PointiOS" */ = {
			isa = XCConfigurationList;
			buildConfigurations = (
				B05AE5802E2DA36D00624197 /* Debug */,
				B05AE5812E2DA36D00624197 /* Release */,
			);
			defaultConfigurationIsVisible = 0;
			defaultConfigurationName = Release;
		};
		B05AE5822E2DA36D00624197 /* Build configuration list for PBXNativeTarget "PointiOS Watch App" */ = {
			isa = XCConfigurationList;
			buildConfigurations = (
				B05AE5832E2DA36D00624197 /* Debug */,
				B05AE5842E2DA36D00624197 /* Release */,
			);
			defaultConfigurationIsVisible = 0;
			defaultConfigurationName = Release;
		};
		B05AE5862E2DA36D00624197 /* Build configuration list for PBXNativeTarget "PointiOS" */ = {
			isa = XCConfigurationList;
			buildConfigurations = (
				B05AE5872E2DA36D00624197 /* Debug */,
				B05AE5882E2DA36D00624197 /* Release */,
			);
			defaultConfigurationIsVisible = 0;
			defaultConfigurationName = Release;
		};
		B05AE5892E2DA36D00624197 /* Build configuration list for PBXNativeTarget "PointiOSTests" */ = {
			isa = XCConfigurationList;
			buildConfigurations = (
				B05AE58A2E2DA36D00624197 /* Debug */,
				B05AE58B2E2DA36D00624197 /* Release */,
			);
			defaultConfigurationIsVisible = 0;
			defaultConfigurationName = Release;
		};
		B05AE58C2E2DA36D00624197 /* Build configuration list for PBXNativeTarget "PointiOSUITests" */ = {
			isa = XCConfigurationList;
			buildConfigurations = (
				B05AE58D2E2DA36D00624197 /* Debug */,
				B05AE58E2E2DA36D00624197 /* Release */,
			);
			defaultConfigurationIsVisible = 0;
			defaultConfigurationName = Release;
		};
		B05AE58F2E2DA36D00624197 /* Build configuration list for PBXNativeTarget "PointiOS Watch AppTests" */ = {
			isa = XCConfigurationList;
			buildConfigurations = (
				B05AE5902E2DA36D00624197 /* Debug */,
				B05AE5912E2DA36D00624197 /* Release */,
			);
			defaultConfigurationIsVisible = 0;
			defaultConfigurationName = Release;
		};
		B05AE5922E2DA36D00624197 /* Build configuration list for PBXNativeTarget "PointiOS Watch AppUITests" */ = {
			isa = XCConfigurationList;
			buildConfigurations = (
				B05AE5932E2DA36D00624197 /* Debug */,
				B05AE5942E2DA36D00624197 /* Release */,
			);
			defaultConfigurationIsVisible = 0;
			defaultConfigurationName = Release;
		};
/* End XCConfigurationList section */

/* Begin XCRemoteSwiftPackageReference section */
		B0427DB52EC553C70018EA3F /* XCRemoteSwiftPackageReference "lucide-icons-swift" */ = {
			isa = XCRemoteSwiftPackageReference;
			repositoryURL = "https://github.com/JakubMazur/lucide-icons-swift";
			requirement = {
				kind = upToNextMajorVersion;
				minimumVersion = 0.553.0;
			};
		};
		B0902C2B2EB6AA9B00482D6D /* XCRemoteSwiftPackageReference "GoogleSignIn-iOS" */ = {
			isa = XCRemoteSwiftPackageReference;
			repositoryURL = "https://github.com/google/GoogleSignIn-iOS";
			requirement = {
				kind = upToNextMajorVersion;
				minimumVersion = 9.0.0;
			};
		};
		B0E5C0462E34366B0079684D /* XCRemoteSwiftPackageReference "firebase-ios-sdk" */ = {
			isa = XCRemoteSwiftPackageReference;
			repositoryURL = "https://github.com/firebase/firebase-ios-sdk";
			requirement = {
				kind = upToNextMajorVersion;
				minimumVersion = 12.0.0;
			};
		};
/* End XCRemoteSwiftPackageReference section */

/* Begin XCSwiftPackageProductDependency section */
		B0902C2C2EB6AA9B00482D6D /* GoogleSignIn */ = {
			isa = XCSwiftPackageProductDependency;
			package = B0902C2B2EB6AA9B00482D6D /* XCRemoteSwiftPackageReference "GoogleSignIn-iOS" */;
			productName = GoogleSignIn;
		};
		B0902C2E2EB6AA9B00482D6D /* GoogleSignInSwift */ = {
			isa = XCSwiftPackageProductDependency;
			package = B0902C2B2EB6AA9B00482D6D /* XCRemoteSwiftPackageReference "GoogleSignIn-iOS" */;
			productName = GoogleSignInSwift;
		};
		B0C2D0012F5B7E2C00F0ABCD /* LucideIcons */ = {
			isa = XCSwiftPackageProductDependency;
			package = B0427DB52EC553C70018EA3F /* XCRemoteSwiftPackageReference "lucide-icons-swift" */;
			productName = LucideIcons;
		};
		B0E5C0492E34366B0079684D /* FirebaseAuth */ = {
			isa = XCSwiftPackageProductDependency;
			package = B0E5C0462E34366B0079684D /* XCRemoteSwiftPackageReference "firebase-ios-sdk" */;
			productName = FirebaseAuth;
		};
		B0E5C04D2E34366B0079684D /* FirebaseFirestore */ = {
			isa = XCSwiftPackageProductDependency;
			package = B0E5C0462E34366B0079684D /* XCRemoteSwiftPackageReference "firebase-ios-sdk" */;
			productName = FirebaseFirestore;
		};
		B0E5C04F2E34366B0079684D /* FirebaseStorage */ = {
			isa = XCSwiftPackageProductDependency;
			package = B0E5C0462E34366B0079684D /* XCRemoteSwiftPackageReference "firebase-ios-sdk" */;
			productName = FirebaseStorage;
		};
/* End XCSwiftPackageProductDependency section */
	};
	rootObject = B05AE5342E2DA36B00624197 /* Project object */;
}
